schema: '2.0'
stages:
  prepare_data:
    cmd: python prepare_data.py cifar10
    deps:
    - path: prepare_data.py
      hash: md5
      md5: 4407009e8c5f1cd81530257474704e07
      size: 149
    outs:
    - path: cifar10
      hash: md5
      md5: e252d2c8ba36d1ab3e21a873ab62daa3.dir
      size: 356712185
      nfiles: 9
